
Microsoft Visual Studio Solution File, Format Version 12.00
# Visual Studio Version 17
VisualStudioVersion = 17.3.32929.385
MinimumVisualStudioVersion = 10.0.40219.1
Project("{FAE04EC0-301F-11D3-BF4B-00C04F79EFBC}") = "MAP_C10", "MAP_C10.csproj", "{4861488D-F3A4-4437-8609-8A870120EF44}"
EndProject
Global
	GlobalSection(SolutionConfigurationPlatforms) = preSolution
		Debug|Any CPU = Debug|Any CPU
		Release|Any CPU = Release|Any CPU
	EndGlobalSection
	GlobalSection(ProjectConfigurationPlatforms) = postSolution
		{4861488D-F3A4-4437-8609-8A870120EF44}.Debug|Any CPU.ActiveCfg = Debug|Any CPU
		{4861488D-F3A4-4437-8609-8A870120EF44}.Debug|Any CPU.Build.0 = Debug|Any CPU
		{4861488D-F3A4-4437-8609-8A870120EF44}.Release|Any CPU.ActiveCfg = Release|Any CPU
		{4861488D-F3A4-4437-8609-8A870120EF44}.Release|Any CPU.Build.0 = Release|Any CPU
	EndGlobalSection
	GlobalSection(SolutionProperties) = preSolution
		HideSolutionNode = FALSE
	EndGlobalSection
	GlobalSection(ExtensibilityGlobals) = postSolution
		SolutionGuid = {2FC864E9-931C-4F18-8707-044849EF410E}
	EndGlobalSection
EndGlobal
